
Microsoft Visual Studio Solution File, Format Version 12.00
# Visual Studio Version 17
VisualStudioVersion = 17.11.35312.102
MinimumVisualStudioVersion = 10.0.40219.1
Project("{FAE04EC0-301F-11D3-BF4B-00C04F79EFBC}") = "01_mainSubject", "01_mainSubject\01_mainSubject.csproj", "{C1BE74BD-DACF-444F-BE4B-57471021C3BB}"
EndProject
Project("{FAE04EC0-301F-11D3-BF4B-00C04F79EFBC}") = "02_Veriables", "02_Veriables\02_Veriables.csproj", "{E95D252A-9A7C-4BB5-B708-7D5A10748AF3}"
EndProject
Project("{FAE04EC0-301F-11D3-BF4B-00C04F79EFBC}") = "03_MakingDecision", "03_MakingDecision\03_MakingDecision.csproj", "{6AD1EC3D-FE95-4B19-B94D-4F571F466C92}"
EndProject
Project("{FAE04EC0-301F-11D3-BF4B-00C04F79EFBC}") = "04_Loops", "04_Loops\04_Loops.csproj", "{76918A75-8647-4A5A-810C-2F2FA04FA19C}"
EndProject
Project("{FAE04EC0-301F-11D3-BF4B-00C04F79EFBC}") = "05_LoopsWithStarts", "05_LoopsWithStarts\05_LoopsWithStarts.csproj", "{301423FA-5D31-45BC-BFB0-EAB2D8441299}"
EndProject
Global
	GlobalSection(SolutionConfigurationPlatforms) = preSolution
		Debug|Any CPU = Debug|Any CPU
		Release|Any CPU = Release|Any CPU
	EndGlobalSection
	GlobalSection(ProjectConfigurationPlatforms) = postSolution
		{C1BE74BD-DACF-444F-BE4B-57471021C3BB}.Debug|Any CPU.ActiveCfg = Debug|Any CPU
		{C1BE74BD-DACF-444F-BE4B-57471021C3BB}.Debug|Any CPU.Build.0 = Debug|Any CPU
		{C1BE74BD-DACF-444F-BE4B-57471021C3BB}.Release|Any CPU.ActiveCfg = Release|Any CPU
		{C1BE74BD-DACF-444F-BE4B-57471021C3BB}.Release|Any CPU.Build.0 = Release|Any CPU
		{E95D252A-9A7C-4BB5-B708-7D5A10748AF3}.Debug|Any CPU.ActiveCfg = Debug|Any CPU
		{E95D252A-9A7C-4BB5-B708-7D5A10748AF3}.Debug|Any CPU.Build.0 = Debug|Any CPU
		{E95D252A-9A7C-4BB5-B708-7D5A10748AF3}.Release|Any CPU.ActiveCfg = Release|Any CPU
		{E95D252A-9A7C-4BB5-B708-7D5A10748AF3}.Release|Any CPU.Build.0 = Release|Any CPU
		{6AD1EC3D-FE95-4B19-B94D-4F571F466C92}.Debug|Any CPU.ActiveCfg = Debug|Any CPU
		{6AD1EC3D-FE95-4B19-B94D-4F571F466C92}.Debug|Any CPU.Build.0 = Debug|Any CPU
		{6AD1EC3D-FE95-4B19-B94D-4F571F466C92}.Release|Any CPU.ActiveCfg = Release|Any CPU
		{6AD1EC3D-FE95-4B19-B94D-4F571F466C92}.Release|Any CPU.Build.0 = Release|Any CPU
		{76918A75-8647-4A5A-810C-2F2FA04FA19C}.Debug|Any CPU.ActiveCfg = Debug|Any CPU
		{76918A75-8647-4A5A-810C-2F2FA04FA19C}.Debug|Any CPU.Build.0 = Debug|Any CPU
		{76918A75-8647-4A5A-810C-2F2FA04FA19C}.Release|Any CPU.ActiveCfg = Release|Any CPU
		{76918A75-8647-4A5A-810C-2F2FA04FA19C}.Release|Any CPU.Build.0 = Release|Any CPU
		{301423FA-5D31-45BC-BFB0-EAB2D8441299}.Debug|Any CPU.ActiveCfg = Debug|Any CPU
		{301423FA-5D31-45BC-BFB0-EAB2D8441299}.Debug|Any CPU.Build.0 = Debug|Any CPU
		{301423FA-5D31-45BC-BFB0-EAB2D8441299}.Release|Any CPU.ActiveCfg = Release|Any CPU
		{301423FA-5D31-45BC-BFB0-EAB2D8441299}.Release|Any CPU.Build.0 = Release|Any CPU
	EndGlobalSection
	GlobalSection(SolutionProperties) = preSolution
		HideSolutionNode = FALSE
	EndGlobalSection
	GlobalSection(ExtensibilityGlobals) = postSolution
		SolutionGuid = {B0560917-77E8-4EE1-89A2-0077D97404C9}
	EndGlobalSection
EndGlobal
